<?xml version="1.0" encoding="utf-8"?>
<Project ToolsVersion="4.0" xmlns="http://schemas.microsoft.com/developer/msbuild/2003">
  <ItemGroup>
    <Filter Include="Generated Files">
      <UniqueIdentifier>{71ED8ED8-ACB9-4CE9-BBE1-E00B30144E11}</UniqueIdentifier>
      <Extensions>cpp;c;cxx;moc;h;def;odl;idl;res;</Extensions>
    </Filter>
    <Filter Include="Generated Files">
      <UniqueIdentifier>{71ED8ED8-ACB9-4CE9-BBE1-E00B30144E11}</UniqueIdentifier>
      <Extensions>cpp;c;cxx;moc;h;def;odl;idl;res;</Extensions>
    </Filter>
    <Filter Include="Header Files">
      <UniqueIdentifier>{93995380-89BD-4b04-88EB-625FBE52EBFB}</UniqueIdentifier>
      <Extensions>h;hpp;hxx;hm;inl;inc;xsd</Extensions>
    </Filter>
    <Filter Include="Header Files">
      <UniqueIdentifier>{93995380-89BD-4b04-88EB-625FBE52EBFB}</UniqueIdentifier>
      <Extensions>h;hpp;hxx;hm;inl;inc;xsd</Extensions>
    </Filter>
    <Filter Include="Source Files">
      <UniqueIdentifier>{4FC737F1-C7A5-4376-A066-2A32D752A2FF}</UniqueIdentifier>
      <Extensions>cpp;c;cxx;def;odl;idl;hpj;bat;asm;asmx</Extensions>
    </Filter>
    <Filter Include="Source Files">
      <UniqueIdentifier>{4FC737F1-C7A5-4376-A066-2A32D752A2FF}</UniqueIdentifier>
      <Extensions>cpp;c;cxx;def;odl;idl;hpj;bat;asm;asmx</Extensions>
    </Filter>
    <Filter Include="Generated Files\Release">
      <UniqueIdentifier>{140a638f-2e11-4cb0-86f6-4e42176673ab}</UniqueIdentifier>
      <Extensions>cpp;moc</Extensions>
      <SourceControlFiles>False</SourceControlFiles>
    </Filter>
    <Filter Include="Generated Files\Debug">
      <UniqueIdentifier>{353a5eb1-175d-44c0-8cc4-f9cc0b4108da}</UniqueIdentifier>
      <Extensions>cpp;moc</Extensions>
      <SourceControlFiles>False</SourceControlFiles>
    </Filter>
  </ItemGroup>
  <ItemGroup>
    <ClCompile Include="winservice\MPCDaemonService.cpp">
      <Filter>Source Files</Filter>
    </ClCompile>
    <ClCompile Include="winservice\SampleService.cpp">
      <Filter>Source Files</Filter>
    </ClCompile>
    <ClCompile Include="winservice\ServiceBase.cpp">
      <Filter>Source Files</Filter>
    </ClCompile>
    <ClCompile Include="winservice\ServiceInstaller.cpp">
      <Filter>Source Files</Filter>
    </ClCompile>
    <ClCompile Include="main.cpp">
      <Filter>Source Files</Filter>
    </ClCompile>
    <ClCompile Include="regflashclass.cpp">
      <Filter>Source Files</Filter>
    </ClCompile>
    <ClCompile Include="gsoap\soapC.cpp">
      <Filter>Source Files</Filter>
    </ClCompile>
    <ClCompile Include="gsoap\soapClient.cpp">
      <Filter>Source Files</Filter>
    </ClCompile>
    <ClCompile Include="gsoap\stdsoap2.cpp">
      <Filter>Source Files</Filter>
    </ClCompile>
    <ClCompile Include="synserverthread.cpp">
      <Filter>Source Files</Filter>
    </ClCompile>
    <ClCompile Include="GeneratedFiles\Release\moc_regflashclass.cpp">
      <Filter>Generated Files\Release</Filter>
    </ClCompile>
    <ClCompile Include="GeneratedFiles\Debug\moc_regflashclass.cpp">
      <Filter>Generated Files\Debug</Filter>
    </ClCompile>
    <ClCompile Include="GeneratedFiles\Release\moc_synserverthread.cpp">
      <Filter>Generated Files\Release</Filter>
    </ClCompile>
    <ClCompile Include="GeneratedFiles\Debug\moc_synserverthread.cpp">
      <Filter>Generated Files\Debug</Filter>
    </ClCompile>
  </ItemGroup>
  <ItemGroup>
    <ClInclude Include="MPCDaemon.h">
      <Filter>Header Files</Filter>
    </ClInclude>
    <ClInclude Include="gsoap\PMPC.nsmap">
      <Filter>Header Files</Filter>
    </ClInclude>
    <ClInclude Include="winservice\SampleService.h">
      <Filter>Header Files</Filter>
    </ClInclude>
    <ClInclude Include="winservice\ServiceBase.h">
      <Filter>Header Files</Filter>
    </ClInclude>
    <ClInclude Include="winservice\ServiceInstaller.h">
      <Filter>Header Files</Filter>
    </ClInclude>
    <ClInclude Include="..\Common\SqliteDb.h">
      <Filter>Header Files</Filter>
    </ClInclude>
    <ClInclude Include="..\Common\SytemLog.h">
      <Filter>Header Files</Filter>
    </ClInclude>
    <ClInclude Include="winservice\ThreadPool.h">
      <Filter>Header Files</Filter>
    </ClInclude>
    <CustomBuild Include="regflashclass.h">
      <Filter>Header Files</Filter>
    </CustomBuild>
    <ClInclude Include="gsoap\soapH.h">
      <Filter>Header Files</Filter>
    </ClInclude>
    <ClInclude Include="gsoap\soapStub.h">
      <Filter>Header Files</Filter>
    </ClInclude>
    <ClInclude Include="gsoap\stdsoap2.h">
      <Filter>Header Files</Filter>
    </ClInclude>
    <CustomBuild Include="synserverthread.h">
      <Filter>Header Files</Filter>
    </CustomBuild>
    <ClInclude Include="utils\tool.h">
      <Filter>Header Files</Filter>
    </ClInclude>
  </ItemGroup>
</Project>